
Microsoft Visual Studio Solution File, Format Version 12.00
# Visual Studio 15
VisualStudioVersion = 15.0.26403.3
MinimumVisualStudioVersion = 10.0.40219.1
Project("{9A19103F-16F7-4668-BE54-9A1E7A4F7556}") = "Glyde.Bookmarks.Api", "src\Glyde.Bookmarks.Api\Glyde.Bookmarks.Api.csproj", "{4F7299EB-D283-4A61-9E80-9D302BBC486A}"
EndProject
Project("{9A19103F-16F7-4668-BE54-9A1E7A4F7556}") = "Glyde.Di", "Glyde.Di\Glyde.Di.csproj", "{C349371E-286D-467C-A11E-39415B12295E}"
EndProject
Project("{9A19103F-16F7-4668-BE54-9A1E7A4F7556}") = "Glyde.Di.SimpleInjector", "Glyde.Di.SimpleInjector\Glyde.Di.SimpleInjector.csproj", "{AD7109C9-2128-4F6B-A5DC-0FAD459604D5}"
EndProject
Project("{9A19103F-16F7-4668-BE54-9A1E7A4F7556}") = "Glyde.AspNetCore.Requests", "Glyde.AspNetCore.Requests\Glyde.AspNetCore.Requests.csproj", "{F93A6B52-FD08-4EA2-A676-C827CCBB2465}"
EndProject
Project("{9A19103F-16F7-4668-BE54-9A1E7A4F7556}") = "Glyde.Bootstrapper", "Glyde.Bootstrapper\Glyde.Bootstrapper.csproj", "{E6C3039E-EF4B-4422-9798-CBE5903F1904}"
EndProject
Project("{2150E333-8FDC-42A3-9474-1A3956D46DE8}") = "framework", "framework", "{9B5D6F63-A0BC-4EDB-B0CA-AA336ADDED50}"
EndProject
Project("{9A19103F-16F7-4668-BE54-9A1E7A4F7556}") = "Glyde.Configuration", "Glyde.Configuration\Glyde.Configuration.csproj", "{32A12279-2325-4F84-B451-3C920CFBBC6E}"
EndProject
Project("{9A19103F-16F7-4668-BE54-9A1E7A4F7556}") = "Glyde.AspNetCore.Common", "Glyde.AspNetCore.Common\Glyde.AspNetCore.Common.csproj", "{FB5B088F-D9C3-458C-90E4-978D45A0A392}"
EndProject
Project("{2150E333-8FDC-42A3-9474-1A3956D46DE8}") = "modules", "modules", "{80C545DB-0AF3-4455-B2DC-6D34EEA0A405}"
EndProject
Project("{9A19103F-16F7-4668-BE54-9A1E7A4F7556}") = "Glyde.Bookmarks.LinkManagement", "Glyde.Bookmarks.LinkManagement\Glyde.Bookmarks.LinkManagement.csproj", "{3662FCCB-FDDA-4E31-87E4-8B6EF3988754}"
EndProject
Project("{2150E333-8FDC-42A3-9474-1A3956D46DE8}") = "general", "general", "{227BF00E-ADD1-4AFE-9410-BC2A28D1CFAC}"
EndProject
Project("{2150E333-8FDC-42A3-9474-1A3956D46DE8}") = "aspnetcore", "aspnetcore", "{728E5B69-70DC-4C21-848B-6BF4D7F37232}"
EndProject
Project("{FAE04EC0-301F-11D3-BF4B-00C04F79EFBC}") = "Glyde.Bookmarks.LinkManagement.Contracts", "Glyde.Bookmarks.LinkManagement.Contracts\Glyde.Bookmarks.LinkManagement.Contracts.csproj", "{1176EB9B-F753-4988-BB63-2440CA4EF564}"
EndProject
Project("{E53339B2-1760-4266-BCC7-CA923CBCF16C}") = "docker-compose", "docker-compose.dcproj", "{504E4854-478B-431B-9ADE-542552BB7EF9}"
EndProject
Project("{FAE04EC0-301F-11D3-BF4B-00C04F79EFBC}") = "Glyde.NoSql.AzureTables", "Glyde.NoSql.AzureTables\Glyde.NoSql.AzureTables.csproj", "{E4E9375B-2EC8-4869-8212-59C11D47C219}"
EndProject
Project("{FAE04EC0-301F-11D3-BF4B-00C04F79EFBC}") = "Glyde.Bookmarks.AndroidApp", "Glyde.Bookmarks.AndroidApp\Glyde.Bookmarks.AndroidApp.csproj", "{CD7A181F-2E80-4212-A656-3701B2E11049}"
EndProject
Project("{2150E333-8FDC-42A3-9474-1A3956D46DE8}") = "web", "web", "{04C15004-B8F3-4F91-A9F9-B257B2109940}"
EndProject
Project("{FAE04EC0-301F-11D3-BF4B-00C04F79EFBC}") = "Glyde.Web.Api.Common", "Glyde.Web.Api.Common\Glyde.Web.Api.Common.csproj", "{57C01D9D-EB73-4A59-9B21-0CAF2C95301C}"
EndProject
Project("{FAE04EC0-301F-11D3-BF4B-00C04F79EFBC}") = "Glyde.Web.Api.Common.Tests", "Glyde.Web.Api.Common.Tests\Glyde.Web.Api.Common.Tests.csproj", "{49EB3132-3505-492B-81E8-1D90328CC1AC}"
EndProject
Project("{FAE04EC0-301F-11D3-BF4B-00C04F79EFBC}") = "Glyde.Bookmarks.LinkManagement.Tests", "Glyde.Bookmarks.LinkManagement.Tests\Glyde.Bookmarks.LinkManagement.Tests.csproj", "{A04F3E7F-B73C-4D10-A425-128DC38F3AA8}"
EndProject
Global
	GlobalSection(SolutionConfigurationPlatforms) = preSolution
		Debug|Any CPU = Debug|Any CPU
		Debug|x64 = Debug|x64
		Debug|x86 = Debug|x86
		Release|Any CPU = Release|Any CPU
		Release|x64 = Release|x64
		Release|x86 = Release|x86
	EndGlobalSection
	GlobalSection(ProjectConfigurationPlatforms) = postSolution
		{4F7299EB-D283-4A61-9E80-9D302BBC486A}.Debug|Any CPU.ActiveCfg = Debug|Any CPU
		{4F7299EB-D283-4A61-9E80-9D302BBC486A}.Debug|Any CPU.Build.0 = Debug|Any CPU
		{4F7299EB-D283-4A61-9E80-9D302BBC486A}.Debug|x64.ActiveCfg = Debug|Any CPU
		{4F7299EB-D283-4A61-9E80-9D302BBC486A}.Debug|x64.Build.0 = Debug|Any CPU
		{4F7299EB-D283-4A61-9E80-9D302BBC486A}.Debug|x86.ActiveCfg = Debug|Any CPU
		{4F7299EB-D283-4A61-9E80-9D302BBC486A}.Debug|x86.Build.0 = Debug|Any CPU
		{4F7299EB-D283-4A61-9E80-9D302BBC486A}.Release|Any CPU.ActiveCfg = Release|Any CPU
		{4F7299EB-D283-4A61-9E80-9D302BBC486A}.Release|Any CPU.Build.0 = Release|Any CPU
		{4F7299EB-D283-4A61-9E80-9D302BBC486A}.Release|x64.ActiveCfg = Release|Any CPU
		{4F7299EB-D283-4A61-9E80-9D302BBC486A}.Release|x64.Build.0 = Release|Any CPU
		{4F7299EB-D283-4A61-9E80-9D302BBC486A}.Release|x86.ActiveCfg = Release|Any CPU
		{4F7299EB-D283-4A61-9E80-9D302BBC486A}.Release|x86.Build.0 = Release|Any CPU
		{C349371E-286D-467C-A11E-39415B12295E}.Debug|Any CPU.ActiveCfg = Debug|Any CPU
		{C349371E-286D-467C-A11E-39415B12295E}.Debug|Any CPU.Build.0 = Debug|Any CPU
		{C349371E-286D-467C-A11E-39415B12295E}.Debug|x64.ActiveCfg = Debug|Any CPU
		{C349371E-286D-467C-A11E-39415B12295E}.Debug|x64.Build.0 = Debug|Any CPU
		{C349371E-286D-467C-A11E-39415B12295E}.Debug|x86.ActiveCfg = Debug|Any CPU
		{C349371E-286D-467C-A11E-39415B12295E}.Debug|x86.Build.0 = Debug|Any CPU
		{C349371E-286D-467C-A11E-39415B12295E}.Release|Any CPU.ActiveCfg = Release|Any CPU
		{C349371E-286D-467C-A11E-39415B12295E}.Release|Any CPU.Build.0 = Release|Any CPU
		{C349371E-286D-467C-A11E-39415B12295E}.Release|x64.ActiveCfg = Release|Any CPU
		{C349371E-286D-467C-A11E-39415B12295E}.Release|x64.Build.0 = Release|Any CPU
		{C349371E-286D-467C-A11E-39415B12295E}.Release|x86.ActiveCfg = Release|Any CPU
		{C349371E-286D-467C-A11E-39415B12295E}.Release|x86.Build.0 = Release|Any CPU
		{AD7109C9-2128-4F6B-A5DC-0FAD459604D5}.Debug|Any CPU.ActiveCfg = Debug|Any CPU
		{AD7109C9-2128-4F6B-A5DC-0FAD459604D5}.Debug|Any CPU.Build.0 = Debug|Any CPU
		{AD7109C9-2128-4F6B-A5DC-0FAD459604D5}.Debug|x64.ActiveCfg = Debug|Any CPU
		{AD7109C9-2128-4F6B-A5DC-0FAD459604D5}.Debug|x64.Build.0 = Debug|Any CPU
		{AD7109C9-2128-4F6B-A5DC-0FAD459604D5}.Debug|x86.ActiveCfg = Debug|Any CPU
		{AD7109C9-2128-4F6B-A5DC-0FAD459604D5}.Debug|x86.Build.0 = Debug|Any CPU
		{AD7109C9-2128-4F6B-A5DC-0FAD459604D5}.Release|Any CPU.ActiveCfg = Release|Any CPU
		{AD7109C9-2128-4F6B-A5DC-0FAD459604D5}.Release|Any CPU.Build.0 = Release|Any CPU
		{AD7109C9-2128-4F6B-A5DC-0FAD459604D5}.Release|x64.ActiveCfg = Release|Any CPU
		{AD7109C9-2128-4F6B-A5DC-0FAD459604D5}.Release|x64.Build.0 = Release|Any CPU
		{AD7109C9-2128-4F6B-A5DC-0FAD459604D5}.Release|x86.ActiveCfg = Release|Any CPU
		{AD7109C9-2128-4F6B-A5DC-0FAD459604D5}.Release|x86.Build.0 = Release|Any CPU
		{F93A6B52-FD08-4EA2-A676-C827CCBB2465}.Debug|Any CPU.ActiveCfg = Debug|Any CPU
		{F93A6B52-FD08-4EA2-A676-C827CCBB2465}.Debug|Any CPU.Build.0 = Debug|Any CPU
		{F93A6B52-FD08-4EA2-A676-C827CCBB2465}.Debug|x64.ActiveCfg = Debug|Any CPU
		{F93A6B52-FD08-4EA2-A676-C827CCBB2465}.Debug|x64.Build.0 = Debug|Any CPU
		{F93A6B52-FD08-4EA2-A676-C827CCBB2465}.Debug|x86.ActiveCfg = Debug|Any CPU
		{F93A6B52-FD08-4EA2-A676-C827CCBB2465}.Debug|x86.Build.0 = Debug|Any CPU
		{F93A6B52-FD08-4EA2-A676-C827CCBB2465}.Release|Any CPU.ActiveCfg = Release|Any CPU
		{F93A6B52-FD08-4EA2-A676-C827CCBB2465}.Release|Any CPU.Build.0 = Release|Any CPU
		{F93A6B52-FD08-4EA2-A676-C827CCBB2465}.Release|x64.ActiveCfg = Release|Any CPU
		{F93A6B52-FD08-4EA2-A676-C827CCBB2465}.Release|x64.Build.0 = Release|Any CPU
		{F93A6B52-FD08-4EA2-A676-C827CCBB2465}.Release|x86.ActiveCfg = Release|Any CPU
		{F93A6B52-FD08-4EA2-A676-C827CCBB2465}.Release|x86.Build.0 = Release|Any CPU
		{E6C3039E-EF4B-4422-9798-CBE5903F1904}.Debug|Any CPU.ActiveCfg = Debug|Any CPU
		{E6C3039E-EF4B-4422-9798-CBE5903F1904}.Debug|Any CPU.Build.0 = Debug|Any CPU
		{E6C3039E-EF4B-4422-9798-CBE5903F1904}.Debug|x64.ActiveCfg = Debug|Any CPU
		{E6C3039E-EF4B-4422-9798-CBE5903F1904}.Debug|x64.Build.0 = Debug|Any CPU
		{E6C3039E-EF4B-4422-9798-CBE5903F1904}.Debug|x86.ActiveCfg = Debug|Any CPU
		{E6C3039E-EF4B-4422-9798-CBE5903F1904}.Debug|x86.Build.0 = Debug|Any CPU
		{E6C3039E-EF4B-4422-9798-CBE5903F1904}.Release|Any CPU.ActiveCfg = Release|Any CPU
		{E6C3039E-EF4B-4422-9798-CBE5903F1904}.Release|Any CPU.Build.0 = Release|Any CPU
		{E6C3039E-EF4B-4422-9798-CBE5903F1904}.Release|x64.ActiveCfg = Release|Any CPU
		{E6C3039E-EF4B-4422-9798-CBE5903F1904}.Release|x64.Build.0 = Release|Any CPU
		{E6C3039E-EF4B-4422-9798-CBE5903F1904}.Release|x86.ActiveCfg = Release|Any CPU
		{E6C3039E-EF4B-4422-9798-CBE5903F1904}.Release|x86.Build.0 = Release|Any CPU
		{32A12279-2325-4F84-B451-3C920CFBBC6E}.Debug|Any CPU.ActiveCfg = Debug|Any CPU
		{32A12279-2325-4F84-B451-3C920CFBBC6E}.Debug|Any CPU.Build.0 = Debug|Any CPU
		{32A12279-2325-4F84-B451-3C920CFBBC6E}.Debug|x64.ActiveCfg = Debug|Any CPU
		{32A12279-2325-4F84-B451-3C920CFBBC6E}.Debug|x64.Build.0 = Debug|Any CPU
		{32A12279-2325-4F84-B451-3C920CFBBC6E}.Debug|x86.ActiveCfg = Debug|Any CPU
		{32A12279-2325-4F84-B451-3C920CFBBC6E}.Debug|x86.Build.0 = Debug|Any CPU
		{32A12279-2325-4F84-B451-3C920CFBBC6E}.Release|Any CPU.ActiveCfg = Release|Any CPU
		{32A12279-2325-4F84-B451-3C920CFBBC6E}.Release|Any CPU.Build.0 = Release|Any CPU
		{32A12279-2325-4F84-B451-3C920CFBBC6E}.Release|x64.ActiveCfg = Release|Any CPU
		{32A12279-2325-4F84-B451-3C920CFBBC6E}.Release|x64.Build.0 = Release|Any CPU
		{32A12279-2325-4F84-B451-3C920CFBBC6E}.Release|x86.ActiveCfg = Release|Any CPU
		{32A12279-2325-4F84-B451-3C920CFBBC6E}.Release|x86.Build.0 = Release|Any CPU
		{FB5B088F-D9C3-458C-90E4-978D45A0A392}.Debug|Any CPU.ActiveCfg = Debug|Any CPU
		{FB5B088F-D9C3-458C-90E4-978D45A0A392}.Debug|Any CPU.Build.0 = Debug|Any CPU
		{FB5B088F-D9C3-458C-90E4-978D45A0A392}.Debug|x64.ActiveCfg = Debug|Any CPU
		{FB5B088F-D9C3-458C-90E4-978D45A0A392}.Debug|x64.Build.0 = Debug|Any CPU
		{FB5B088F-D9C3-458C-90E4-978D45A0A392}.Debug|x86.ActiveCfg = Debug|Any CPU
		{FB5B088F-D9C3-458C-90E4-978D45A0A392}.Debug|x86.Build.0 = Debug|Any CPU
		{FB5B088F-D9C3-458C-90E4-978D45A0A392}.Release|Any CPU.ActiveCfg = Release|Any CPU
		{FB5B088F-D9C3-458C-90E4-978D45A0A392}.Release|Any CPU.Build.0 = Release|Any CPU
		{FB5B088F-D9C3-458C-90E4-978D45A0A392}.Release|x64.ActiveCfg = Release|Any CPU
		{FB5B088F-D9C3-458C-90E4-978D45A0A392}.Release|x64.Build.0 = Release|Any CPU
		{FB5B088F-D9C3-458C-90E4-978D45A0A392}.Release|x86.ActiveCfg = Release|Any CPU
		{FB5B088F-D9C3-458C-90E4-978D45A0A392}.Release|x86.Build.0 = Release|Any CPU
		{3662FCCB-FDDA-4E31-87E4-8B6EF3988754}.Debug|Any CPU.ActiveCfg = Debug|Any CPU
		{3662FCCB-FDDA-4E31-87E4-8B6EF3988754}.Debug|Any CPU.Build.0 = Debug|Any CPU
		{3662FCCB-FDDA-4E31-87E4-8B6EF3988754}.Debug|x64.ActiveCfg = Debug|Any CPU
		{3662FCCB-FDDA-4E31-87E4-8B6EF3988754}.Debug|x64.Build.0 = Debug|Any CPU
		{3662FCCB-FDDA-4E31-87E4-8B6EF3988754}.Debug|x86.ActiveCfg = Debug|Any CPU
		{3662FCCB-FDDA-4E31-87E4-8B6EF3988754}.Debug|x86.Build.0 = Debug|Any CPU
		{3662FCCB-FDDA-4E31-87E4-8B6EF3988754}.Release|Any CPU.ActiveCfg = Release|Any CPU
		{3662FCCB-FDDA-4E31-87E4-8B6EF3988754}.Release|Any CPU.Build.0 = Release|Any CPU
		{3662FCCB-FDDA-4E31-87E4-8B6EF3988754}.Release|x64.ActiveCfg = Release|Any CPU
		{3662FCCB-FDDA-4E31-87E4-8B6EF3988754}.Release|x64.Build.0 = Release|Any CPU
		{3662FCCB-FDDA-4E31-87E4-8B6EF3988754}.Release|x86.ActiveCfg = Release|Any CPU
		{3662FCCB-FDDA-4E31-87E4-8B6EF3988754}.Release|x86.Build.0 = Release|Any CPU
		{1176EB9B-F753-4988-BB63-2440CA4EF564}.Debug|Any CPU.ActiveCfg = Debug|Any CPU
		{1176EB9B-F753-4988-BB63-2440CA4EF564}.Debug|Any CPU.Build.0 = Debug|Any CPU
		{1176EB9B-F753-4988-BB63-2440CA4EF564}.Debug|x64.ActiveCfg = Debug|Any CPU
		{1176EB9B-F753-4988-BB63-2440CA4EF564}.Debug|x64.Build.0 = Debug|Any CPU
		{1176EB9B-F753-4988-BB63-2440CA4EF564}.Debug|x86.ActiveCfg = Debug|Any CPU
		{1176EB9B-F753-4988-BB63-2440CA4EF564}.Debug|x86.Build.0 = Debug|Any CPU
		{1176EB9B-F753-4988-BB63-2440CA4EF564}.Release|Any CPU.ActiveCfg = Release|Any CPU
		{1176EB9B-F753-4988-BB63-2440CA4EF564}.Release|Any CPU.Build.0 = Release|Any CPU
		{1176EB9B-F753-4988-BB63-2440CA4EF564}.Release|x64.ActiveCfg = Release|Any CPU
		{1176EB9B-F753-4988-BB63-2440CA4EF564}.Release|x64.Build.0 = Release|Any CPU
		{1176EB9B-F753-4988-BB63-2440CA4EF564}.Release|x86.ActiveCfg = Release|Any CPU
		{1176EB9B-F753-4988-BB63-2440CA4EF564}.Release|x86.Build.0 = Release|Any CPU
		{504E4854-478B-431B-9ADE-542552BB7EF9}.Debug|Any CPU.ActiveCfg = Debug|Any CPU
		{504E4854-478B-431B-9ADE-542552BB7EF9}.Debug|Any CPU.Build.0 = Debug|Any CPU
		{504E4854-478B-431B-9ADE-542552BB7EF9}.Debug|x64.ActiveCfg = Debug|Any CPU
		{504E4854-478B-431B-9ADE-542552BB7EF9}.Debug|x64.Build.0 = Debug|Any CPU
		{504E4854-478B-431B-9ADE-542552BB7EF9}.Debug|x86.ActiveCfg = Debug|Any CPU
		{504E4854-478B-431B-9ADE-542552BB7EF9}.Debug|x86.Build.0 = Debug|Any CPU
		{504E4854-478B-431B-9ADE-542552BB7EF9}.Release|Any CPU.ActiveCfg = Release|Any CPU
		{504E4854-478B-431B-9ADE-542552BB7EF9}.Release|Any CPU.Build.0 = Release|Any CPU
		{504E4854-478B-431B-9ADE-542552BB7EF9}.Release|x64.ActiveCfg = Release|Any CPU
		{504E4854-478B-431B-9ADE-542552BB7EF9}.Release|x64.Build.0 = Release|Any CPU
		{504E4854-478B-431B-9ADE-542552BB7EF9}.Release|x86.ActiveCfg = Release|Any CPU
		{504E4854-478B-431B-9ADE-542552BB7EF9}.Release|x86.Build.0 = Release|Any CPU
		{E4E9375B-2EC8-4869-8212-59C11D47C219}.Debug|Any CPU.ActiveCfg = Debug|Any CPU
		{E4E9375B-2EC8-4869-8212-59C11D47C219}.Debug|Any CPU.Build.0 = Debug|Any CPU
		{E4E9375B-2EC8-4869-8212-59C11D47C219}.Debug|x64.ActiveCfg = Debug|Any CPU
		{E4E9375B-2EC8-4869-8212-59C11D47C219}.Debug|x64.Build.0 = Debug|Any CPU
		{E4E9375B-2EC8-4869-8212-59C11D47C219}.Debug|x86.ActiveCfg = Debug|Any CPU
		{E4E9375B-2EC8-4869-8212-59C11D47C219}.Debug|x86.Build.0 = Debug|Any CPU
		{E4E9375B-2EC8-4869-8212-59C11D47C219}.Release|Any CPU.ActiveCfg = Release|Any CPU
		{E4E9375B-2EC8-4869-8212-59C11D47C219}.Release|Any CPU.Build.0 = Release|Any CPU
		{E4E9375B-2EC8-4869-8212-59C11D47C219}.Release|x64.ActiveCfg = Release|Any CPU
		{E4E9375B-2EC8-4869-8212-59C11D47C219}.Release|x64.Build.0 = Release|Any CPU
		{E4E9375B-2EC8-4869-8212-59C11D47C219}.Release|x86.ActiveCfg = Release|Any CPU
		{E4E9375B-2EC8-4869-8212-59C11D47C219}.Release|x86.Build.0 = Release|Any CPU
		{CD7A181F-2E80-4212-A656-3701B2E11049}.Debug|Any CPU.ActiveCfg = Debug|Any CPU
		{CD7A181F-2E80-4212-A656-3701B2E11049}.Debug|Any CPU.Build.0 = Debug|Any CPU
		{CD7A181F-2E80-4212-A656-3701B2E11049}.Debug|Any CPU.Deploy.0 = Debug|Any CPU
		{CD7A181F-2E80-4212-A656-3701B2E11049}.Debug|x64.ActiveCfg = Debug|Any CPU
		{CD7A181F-2E80-4212-A656-3701B2E11049}.Debug|x64.Build.0 = Debug|Any CPU
		{CD7A181F-2E80-4212-A656-3701B2E11049}.Debug|x64.Deploy.0 = Debug|Any CPU
		{CD7A181F-2E80-4212-A656-3701B2E11049}.Debug|x86.ActiveCfg = Debug|Any CPU
		{CD7A181F-2E80-4212-A656-3701B2E11049}.Debug|x86.Build.0 = Debug|Any CPU
		{CD7A181F-2E80-4212-A656-3701B2E11049}.Debug|x86.Deploy.0 = Debug|Any CPU
		{CD7A181F-2E80-4212-A656-3701B2E11049}.Release|Any CPU.ActiveCfg = Release|Any CPU
		{CD7A181F-2E80-4212-A656-3701B2E11049}.Release|Any CPU.Build.0 = Release|Any CPU
		{CD7A181F-2E80-4212-A656-3701B2E11049}.Release|Any CPU.Deploy.0 = Release|Any CPU
		{CD7A181F-2E80-4212-A656-3701B2E11049}.Release|x64.ActiveCfg = Release|Any CPU
		{CD7A181F-2E80-4212-A656-3701B2E11049}.Release|x64.Build.0 = Release|Any CPU
		{CD7A181F-2E80-4212-A656-3701B2E11049}.Release|x64.Deploy.0 = Release|Any CPU
		{CD7A181F-2E80-4212-A656-3701B2E11049}.Release|x86.ActiveCfg = Release|Any CPU
		{CD7A181F-2E80-4212-A656-3701B2E11049}.Release|x86.Build.0 = Release|Any CPU
		{CD7A181F-2E80-4212-A656-3701B2E11049}.Release|x86.Deploy.0 = Release|Any CPU
		{57C01D9D-EB73-4A59-9B21-0CAF2C95301C}.Debug|Any CPU.ActiveCfg = Debug|Any CPU
		{57C01D9D-EB73-4A59-9B21-0CAF2C95301C}.Debug|Any CPU.Build.0 = Debug|Any CPU
		{57C01D9D-EB73-4A59-9B21-0CAF2C95301C}.Debug|x64.ActiveCfg = Debug|Any CPU
		{57C01D9D-EB73-4A59-9B21-0CAF2C95301C}.Debug|x64.Build.0 = Debug|Any CPU
		{57C01D9D-EB73-4A59-9B21-0CAF2C95301C}.Debug|x86.ActiveCfg = Debug|Any CPU
		{57C01D9D-EB73-4A59-9B21-0CAF2C95301C}.Debug|x86.Build.0 = Debug|Any CPU
		{57C01D9D-EB73-4A59-9B21-0CAF2C95301C}.Release|Any CPU.ActiveCfg = Release|Any CPU
		{57C01D9D-EB73-4A59-9B21-0CAF2C95301C}.Release|Any CPU.Build.0 = Release|Any CPU
		{57C01D9D-EB73-4A59-9B21-0CAF2C95301C}.Release|x64.ActiveCfg = Release|Any CPU
		{57C01D9D-EB73-4A59-9B21-0CAF2C95301C}.Release|x64.Build.0 = Release|Any CPU
		{57C01D9D-EB73-4A59-9B21-0CAF2C95301C}.Release|x86.ActiveCfg = Release|Any CPU
		{57C01D9D-EB73-4A59-9B21-0CAF2C95301C}.Release|x86.Build.0 = Release|Any CPU
		{49EB3132-3505-492B-81E8-1D90328CC1AC}.Debug|Any CPU.ActiveCfg = Debug|Any CPU
		{49EB3132-3505-492B-81E8-1D90328CC1AC}.Debug|Any CPU.Build.0 = Debug|Any CPU
		{49EB3132-3505-492B-81E8-1D90328CC1AC}.Debug|x64.ActiveCfg = Debug|Any CPU
		{49EB3132-3505-492B-81E8-1D90328CC1AC}.Debug|x64.Build.0 = Debug|Any CPU
		{49EB3132-3505-492B-81E8-1D90328CC1AC}.Debug|x86.ActiveCfg = Debug|Any CPU
		{49EB3132-3505-492B-81E8-1D90328CC1AC}.Debug|x86.Build.0 = Debug|Any CPU
		{49EB3132-3505-492B-81E8-1D90328CC1AC}.Release|Any CPU.ActiveCfg = Release|Any CPU
		{49EB3132-3505-492B-81E8-1D90328CC1AC}.Release|Any CPU.Build.0 = Release|Any CPU
		{49EB3132-3505-492B-81E8-1D90328CC1AC}.Release|x64.ActiveCfg = Release|Any CPU
		{49EB3132-3505-492B-81E8-1D90328CC1AC}.Release|x64.Build.0 = Release|Any CPU
		{49EB3132-3505-492B-81E8-1D90328CC1AC}.Release|x86.ActiveCfg = Release|Any CPU
		{49EB3132-3505-492B-81E8-1D90328CC1AC}.Release|x86.Build.0 = Release|Any CPU
		{A04F3E7F-B73C-4D10-A425-128DC38F3AA8}.Debug|Any CPU.ActiveCfg = Debug|Any CPU
		{A04F3E7F-B73C-4D10-A425-128DC38F3AA8}.Debug|Any CPU.Build.0 = Debug|Any CPU
		{A04F3E7F-B73C-4D10-A425-128DC38F3AA8}.Debug|x64.ActiveCfg = Debug|Any CPU
		{A04F3E7F-B73C-4D10-A425-128DC38F3AA8}.Debug|x64.Build.0 = Debug|Any CPU
		{A04F3E7F-B73C-4D10-A425-128DC38F3AA8}.Debug|x86.ActiveCfg = Debug|Any CPU
		{A04F3E7F-B73C-4D10-A425-128DC38F3AA8}.Debug|x86.Build.0 = Debug|Any CPU
		{A04F3E7F-B73C-4D10-A425-128DC38F3AA8}.Release|Any CPU.ActiveCfg = Release|Any CPU
		{A04F3E7F-B73C-4D10-A425-128DC38F3AA8}.Release|Any CPU.Build.0 = Release|Any CPU
		{A04F3E7F-B73C-4D10-A425-128DC38F3AA8}.Release|x64.ActiveCfg = Release|Any CPU
		{A04F3E7F-B73C-4D10-A425-128DC38F3AA8}.Release|x64.Build.0 = Release|Any CPU
		{A04F3E7F-B73C-4D10-A425-128DC38F3AA8}.Release|x86.ActiveCfg = Release|Any CPU
		{A04F3E7F-B73C-4D10-A425-128DC38F3AA8}.Release|x86.Build.0 = Release|Any CPU
	EndGlobalSection
	GlobalSection(SolutionProperties) = preSolution
		HideSolutionNode = FALSE
	EndGlobalSection
	GlobalSection(NestedProjects) = preSolution
		{C349371E-286D-467C-A11E-39415B12295E} = {227BF00E-ADD1-4AFE-9410-BC2A28D1CFAC}
		{AD7109C9-2128-4F6B-A5DC-0FAD459604D5} = {227BF00E-ADD1-4AFE-9410-BC2A28D1CFAC}
		{F93A6B52-FD08-4EA2-A676-C827CCBB2465} = {728E5B69-70DC-4C21-848B-6BF4D7F37232}
		{E6C3039E-EF4B-4422-9798-CBE5903F1904} = {227BF00E-ADD1-4AFE-9410-BC2A28D1CFAC}
		{32A12279-2325-4F84-B451-3C920CFBBC6E} = {227BF00E-ADD1-4AFE-9410-BC2A28D1CFAC}
		{FB5B088F-D9C3-458C-90E4-978D45A0A392} = {728E5B69-70DC-4C21-848B-6BF4D7F37232}
		{3662FCCB-FDDA-4E31-87E4-8B6EF3988754} = {80C545DB-0AF3-4455-B2DC-6D34EEA0A405}
		{227BF00E-ADD1-4AFE-9410-BC2A28D1CFAC} = {9B5D6F63-A0BC-4EDB-B0CA-AA336ADDED50}
		{728E5B69-70DC-4C21-848B-6BF4D7F37232} = {9B5D6F63-A0BC-4EDB-B0CA-AA336ADDED50}
		{1176EB9B-F753-4988-BB63-2440CA4EF564} = {80C545DB-0AF3-4455-B2DC-6D34EEA0A405}
		{E4E9375B-2EC8-4869-8212-59C11D47C219} = {227BF00E-ADD1-4AFE-9410-BC2A28D1CFAC}
		{04C15004-B8F3-4F91-A9F9-B257B2109940} = {9B5D6F63-A0BC-4EDB-B0CA-AA336ADDED50}
		{57C01D9D-EB73-4A59-9B21-0CAF2C95301C} = {04C15004-B8F3-4F91-A9F9-B257B2109940}
		{49EB3132-3505-492B-81E8-1D90328CC1AC} = {04C15004-B8F3-4F91-A9F9-B257B2109940}
		{A04F3E7F-B73C-4D10-A425-128DC38F3AA8} = {80C545DB-0AF3-4455-B2DC-6D34EEA0A405}
	EndGlobalSection
EndGlobal
